
Microsoft Visual Studio Solution File, Format Version 12.00
# Visual Studio Version 17
VisualStudioVersion = 17.4.33110.190
MinimumVisualStudioVersion = 10.0.40219.1
Project("{FAE04EC0-301F-11D3-BF4B-00C04F79EFBC}") = "Agenda", "Agenda\Agenda.csproj", "{682C2DE8-6D18-4BD5-8F75-8F164E4681B8}"
EndProject
Global
	GlobalSection(SolutionConfigurationPlatforms) = preSolution
		Debug|Any CPU = Debug|Any CPU
		Release|Any CPU = Release|Any CPU
	EndGlobalSection
	GlobalSection(ProjectConfigurationPlatforms) = postSolution
		{682C2DE8-6D18-4BD5-8F75-8F164E4681B8}.Debug|Any CPU.ActiveCfg = Debug|Any CPU
		{682C2DE8-6D18-4BD5-8F75-8F164E4681B8}.Debug|Any CPU.Build.0 = Debug|Any CPU
		{682C2DE8-6D18-4BD5-8F75-8F164E4681B8}.Release|Any CPU.ActiveCfg = Release|Any CPU
		{682C2DE8-6D18-4BD5-8F75-8F164E4681B8}.Release|Any CPU.Build.0 = Release|Any CPU
	EndGlobalSection
	GlobalSection(SolutionProperties) = preSolution
		HideSolutionNode = FALSE
	EndGlobalSection
	GlobalSection(ExtensibilityGlobals) = postSolution
		SolutionGuid = {64A5F22D-C418-4A1A-B976-7B95ECFFD6A5}
	EndGlobalSection
EndGlobal
